
Microsoft Visual Studio Solution File, Format Version 12.00
# Visual Studio Version 16
VisualStudioVersion = 16.0.29613.14
MinimumVisualStudioVersion = 10.0.40219.1
Project("{FAE04EC0-301F-11D3-BF4B-00C04F79EFBC}") = "Love-Letter", "Love-Letter\Love-Letter.csproj", "{D1DF3E8E-4D84-4F26-AA17-FAF5DADDF877}"
EndProject
Global
	GlobalSection(SolutionConfigurationPlatforms) = preSolution
		Debug|Any CPU = Debug|Any CPU
		Release|Any CPU = Release|Any CPU
	EndGlobalSection
	GlobalSection(ProjectConfigurationPlatforms) = postSolution
		{D1DF3E8E-4D84-4F26-AA17-FAF5DADDF877}.Debug|Any CPU.ActiveCfg = Debug|Any CPU
		{D1DF3E8E-4D84-4F26-AA17-FAF5DADDF877}.Debug|Any CPU.Build.0 = Debug|Any CPU
		{D1DF3E8E-4D84-4F26-AA17-FAF5DADDF877}.Release|Any CPU.ActiveCfg = Release|Any CPU
		{D1DF3E8E-4D84-4F26-AA17-FAF5DADDF877}.Release|Any CPU.Build.0 = Release|Any CPU
	EndGlobalSection
	GlobalSection(SolutionProperties) = preSolution
		HideSolutionNode = FALSE
	EndGlobalSection
	GlobalSection(ExtensibilityGlobals) = postSolution
		SolutionGuid = {E38FCB93-EBE7-4A44-8669-3B80AC5F6357}
	EndGlobalSection
EndGlobal
